
Microsoft Visual Studio Solution File, Format Version 12.00
# Visual Studio Version 17
VisualStudioVersion = 17.13.35825.156
MinimumVisualStudioVersion = 10.0.40219.1
Project("{FAE04EC0-301F-11D3-BF4B-00C04F79EFBC}") = "DEMOwebAPI", "DEMOwebAPI.csproj", "{DA2FE22E-0B7F-45BE-9406-CCFF03F4E20A}"
EndProject
Project("{FAE04EC0-301F-11D3-BF4B-00C04F79EFBC}") = "Services", "..\Services\Services.csproj", "{C44C164A-3502-4EDB-AB11-AE779EB19F77}"
EndProject
Global
	GlobalSection(SolutionConfigurationPlatforms) = preSolution
		Debug|Any CPU = Debug|Any CPU
		Release|Any CPU = Release|Any CPU
	EndGlobalSection
	GlobalSection(ProjectConfigurationPlatforms) = postSolution
		{DA2FE22E-0B7F-45BE-9406-CCFF03F4E20A}.Debug|Any CPU.ActiveCfg = Debug|Any CPU
		{DA2FE22E-0B7F-45BE-9406-CCFF03F4E20A}.Debug|Any CPU.Build.0 = Debug|Any CPU
		{DA2FE22E-0B7F-45BE-9406-CCFF03F4E20A}.Release|Any CPU.ActiveCfg = Release|Any CPU
		{DA2FE22E-0B7F-45BE-9406-CCFF03F4E20A}.Release|Any CPU.Build.0 = Release|Any CPU
		{C44C164A-3502-4EDB-AB11-AE779EB19F77}.Debug|Any CPU.ActiveCfg = Debug|Any CPU
		{C44C164A-3502-4EDB-AB11-AE779EB19F77}.Debug|Any CPU.Build.0 = Debug|Any CPU
		{C44C164A-3502-4EDB-AB11-AE779EB19F77}.Release|Any CPU.ActiveCfg = Release|Any CPU
		{C44C164A-3502-4EDB-AB11-AE779EB19F77}.Release|Any CPU.Build.0 = Release|Any CPU
	EndGlobalSection
	GlobalSection(SolutionProperties) = preSolution
		HideSolutionNode = FALSE
	EndGlobalSection
	GlobalSection(ExtensibilityGlobals) = postSolution
		SolutionGuid = {C94CA769-E00F-46F4-88DE-884605788995}
	EndGlobalSection
EndGlobal
